// !$*UTF8*$!
{
	archiveVersion = 1;
	classes = {
	};
	objectVersion = 46;
	objects = {

/* Begin PBXBuildFile section */
		3E830F051BD819EC00B217B8 /* dog.jpg in Resources */ = {isa = PBXBuildFile; fileRef = 3E830F041BD819EC00B217B8 /* dog.jpg */; };
		3E830F0A1BD81FC400B217B8 /* Bo.jpg in Resources */ = {isa = PBXBuildFile; fileRef = 3E830F061BD81FC400B217B8 /* Bo.jpg */; };
		3E830F0B1BD81FC400B217B8 /* BorderCollie.jpg in Resources */ = {isa = PBXBuildFile; fileRef = 3E830F071BD81FC400B217B8 /* BorderCollie.jpg */; };
		3E830F0C1BD81FC400B217B8 /* ItalianGreyhound.jpg in Resources */ = {isa = PBXBuildFile; fileRef = 3E830F081BD81FC400B217B8 /* ItalianGreyhound.jpg */; };
		3E830F0D1BD81FC400B217B8 /* JRT.jpg in Resources */ = {isa = PBXBuildFile; fileRef = 3E830F091BD81FC400B217B8 /* JRT.jpg */; };
		3E8782AE1BC41DE00052E5A1 /* main.m in Sources */ = {isa = PBXBuildFile; fileRef = 3E8782AD1BC41DE00052E5A1 /* main.m */; };
		3E8782B11BC41DE00052E5A1 /* AppDelegate.m in Sources */ = {isa = PBXBuildFile; fileRef = 3E8782B01BC41DE00052E5A1 /* AppDelegate.m */; };
		3E8782B41BC41DE00052E5A1 /* MBFViewController.m in Sources */ = {isa = PBXBuildFile; fileRef = 3E8782B31BC41DE00052E5A1 /* MBFViewController.m */; };
		3E8782B71BC41DE00052E5A1 /* Main.storyboard in Resources */ = {isa = PBXBuildFile; fileRef = 3E8782B51BC41DE00052E5A1 /* Main.storyboard */; };
		3E8782B91BC41DE00052E5A1 /* Images.xcassets in Resources */ = {isa = PBXBuildFile; fileRef = 3E8782B81BC41DE00052E5A1 /* Images.xcassets */; };
		3E8782BC1BC41DE00052E5A1 /* LaunchScreen.xib in Resources */ = {isa = PBXBuildFile; fileRef = 3E8782BA1BC41DE00052E5A1 /* LaunchScreen.xib */; };
		3E8782C81BC41DE00052E5A1 /* Men_s_best_FriendsTests.m in Sources */ = {isa = PBXBuildFile; fileRef = 3E8782C71BC41DE00052E5A1 /* Men_s_best_FriendsTests.m */; };
		3E8782D31BC420ED0052E5A1 /* MBFDog.m in Sources */ = {isa = PBXBuildFile; fileRef = 3E8782D21BC420ED0052E5A1 /* MBFDog.m */; };
/* End PBXBuildFile section */

/* Begin PBXContainerItemProxy section */
		3E8782C21BC41DE00052E5A1 /* PBXContainerItemProxy */ = {
			isa = PBXContainerItemProxy;
			containerPortal = 3E8782A01BC41DE00052E5A1 /* Project object */;
			proxyType = 1;
			remoteGlobalIDString = 3E8782A71BC41DE00052E5A1;
			remoteInfo = "Men's best Friends";
		};
/* End PBXContainerItemProxy section */

/* Begin PBXFileReference section */
		3E830F041BD819EC00B217B8 /* dog.jpg */ = {isa = PBXFileReference; lastKnownFileType = image.jpeg; path = dog.jpg; sourceTree = "<group>"; };
		3E830F061BD81FC400B217B8 /* Bo.jpg */ = {isa = PBXFileReference; lastKnownFileType = image.jpeg; path = Bo.jpg; sourceTree = "<group>"; };
		3E830F071BD81FC400B217B8 /* BorderCollie.jpg */ = {isa = PBXFileReference; lastKnownFileType = image.jpeg; path = BorderCollie.jpg; sourceTree = "<group>"; };
		3E830F081BD81FC400B217B8 /* ItalianGreyhound.jpg */ = {isa = PBXFileReference; lastKnownFileType = image.jpeg; path = ItalianGreyhound.jpg; sourceTree = "<group>"; };
		3E830F091BD81FC400B217B8 /* JRT.jpg */ = {isa = PBXFileReference; lastKnownFileType = image.jpeg; path = JRT.jpg; sourceTree = "<group>"; };
		3E8782A81BC41DE00052E5A1 /* Men's best Friends.app */ = {isa = PBXFileReference; explicitFileType = wrapper.application; includeInIndex = 0; path = "Men's best Friends.app"; sourceTree = BUILT_PRODUCTS_DIR; };
		3E8782AC1BC41DE00052E5A1 /* Info.plist */ = {isa = PBXFileReference; lastKnownFileType = text.plist.xml; path = Info.plist; sourceTree = "<group>"; };
		3E8782AD1BC41DE00052E5A1 /* main.m */ = {isa = PBXFileReference; lastKnownFileType = sourcecode.c.objc; path = main.m; sourceTree = "<group>"; };
		3E8782AF1BC41DE00052E5A1 /* AppDelegate.h */ = {isa = PBXFileReference; lastKnownFileType = sourcecode.c.h; path = AppDelegate.h; sourceTree = "<group>"; };
		3E8782B01BC41DE00052E5A1 /* AppDelegate.m */ = {isa = PBXFileReference; lastKnownFileType = sourcecode.c.objc; path = AppDelegate.m; sourceTree = "<group>"; };
		3E8782B21BC41DE00052E5A1 /* MBFViewController.h */ = {isa = PBXFileReference; lastKnownFileType = sourcecode.c.h; path = MBFViewController.h; sourceTree = "<group>"; };
		3E8782B31BC41DE00052E5A1 /* MBFViewController.m */ = {isa = PBXFileReference; lastKnownFileType = sourcecode.c.objc; path = MBFViewController.m; sourceTree = "<group>"; };
		3E8782B61BC41DE00052E5A1 /* Base */ = {isa = PBXFileReference; lastKnownFileType = file.storyboard; name = Base; path = Base.lproj/Main.storyboard; sourceTree = "<group>"; };
		3E8782B81BC41DE00052E5A1 /* Images.xcassets */ = {isa = PBXFileReference; lastKnownFileType = folder.assetcatalog; path = Images.xcassets; sourceTree = "<group>"; };
		3E8782BB1BC41DE00052E5A1 /* Base */ = {isa = PBXFileReference; lastKnownFileType = file.xib; name = Base; path = Base.lproj/LaunchScreen.xib; sourceTree = "<group>"; };
		3E8782C11BC41DE00052E5A1 /* Men's best FriendsTests.xctest */ = {isa = PBXFileReference; explicitFileType = wrapper.cfbundle; includeInIndex = 0; path = "Men's best FriendsTests.xctest"; sourceTree = BUILT_PRODUCTS_DIR; };
		3E8782C61BC41DE00052E5A1 /* Info.plist */ = {isa = PBXFileReference; lastKnownFileType = text.plist.xml; path = Info.plist; sourceTree = "<group>"; };
		3E8782C71BC41DE00052E5A1 /* Men_s_best_FriendsTests.m */ = {isa = PBXFileReference; lastKnownFileType = sourcecode.c.objc; path = Men_s_best_FriendsTests.m; sourceTree = "<group>"; };
		3E8782D11BC420ED0052E5A1 /* MBFDog.h */ = {isa = PBXFileReference; fileEncoding = 4; lastKnownFileType = sourcecode.c.h; path = MBFDog.h; sourceTree = "<group>"; };
		3E8782D21BC420ED0052E5A1 /* MBFDog.m */ = {isa = PBXFileReference; fileEncoding = 4; lastKnownFileType = sourcecode.c.objc; path = MBFDog.m; sourceTree = "<group>"; };
/* End PBXFileReference section */

/* Begin PBXFrameworksBuildPhase section */
		3E8782A51BC41DE00052E5A1 /* Frameworks */ = {
			isa = PBXFrameworksBuildPhase;
			buildActionMask = 2147483647;
			files = (
			);
			runOnlyForDeploymentPostprocessing = 0;
		};
		3E8782BE1BC41DE00052E5A1 /* Frameworks */ = {
			isa = PBXFrameworksBuildPhase;
			buildActionMask = 2147483647;
			files = (
			);
			runOnlyForDeploymentPostprocessing = 0;
		};
/* End PBXFrameworksBuildPhase section */

/* Begin PBXGroup section */
		3E87829F1BC41DE00052E5A1 = {
			isa = PBXGroup;
			children = (
				3E8782AA1BC41DE00052E5A1 /* Men's best Friends */,
				3E8782C41BC41DE00052E5A1 /* Men's best FriendsTests */,
				3E8782A91BC41DE00052E5A1 /* Products */,
			);
			sourceTree = "<group>";
		};
		3E8782A91BC41DE00052E5A1 /* Products */ = {
			isa = PBXGroup;
			children = (
				3E8782A81BC41DE00052E5A1 /* Men's best Friends.app */,
				3E8782C11BC41DE00052E5A1 /* Men's best FriendsTests.xctest */,
			);
			name = Products;
			sourceTree = "<group>";
		};
		3E8782AA1BC41DE00052E5A1 /* Men's best Friends */ = {
			isa = PBXGroup;
			children = (
				3E8782AF1BC41DE00052E5A1 /* AppDelegate.h */,
				3E8782B01BC41DE00052E5A1 /* AppDelegate.m */,
				3E8782D11BC420ED0052E5A1 /* MBFDog.h */,
				3E8782D21BC420ED0052E5A1 /* MBFDog.m */,
				3E8782B21BC41DE00052E5A1 /* MBFViewController.h */,
				3E8782B31BC41DE00052E5A1 /* MBFViewController.m */,
				3E8782B51BC41DE00052E5A1 /* Main.storyboard */,
				3E8782B81BC41DE00052E5A1 /* Images.xcassets */,
				3E8782BA1BC41DE00052E5A1 /* LaunchScreen.xib */,
				3E8782AB1BC41DE00052E5A1 /* Supporting Files */,
			);
			path = "Men's best Friends";
			sourceTree = "<group>";
		};
		3E8782AB1BC41DE00052E5A1 /* Supporting Files */ = {
			isa = PBXGroup;
			children = (
				3E830F061BD81FC400B217B8 /* Bo.jpg */,
				3E830F071BD81FC400B217B8 /* BorderCollie.jpg */,
				3E830F081BD81FC400B217B8 /* ItalianGreyhound.jpg */,
				3E830F091BD81FC400B217B8 /* JRT.jpg */,
				3E830F041BD819EC00B217B8 /* dog.jpg */,
				3E8782AC1BC41DE00052E5A1 /* Info.plist */,
				3E8782AD1BC41DE00052E5A1 /* main.m */,
			);
			name = "Supporting Files";
			sourceTree = "<group>";
		};
		3E8782C41BC41DE00052E5A1 /* Men's best FriendsTests */ = {
			isa = PBXGroup;
			children = (
				3E8782C71BC41DE00052E5A1 /* Men_s_best_FriendsTests.m */,
				3E8782C51BC41DE00052E5A1 /* Supporting Files */,
			);
			path = "Men's best FriendsTests";
			sourceTree = "<group>";
		};
		3E8782C51BC41DE00052E5A1 /* Supporting Files */ = {
			isa = PBXGroup;
			children = (
				3E8782C61BC41DE00052E5A1 /* Info.plist */,
			);
			name = "Supporting Files";
			sourceTree = "<group>";
		};
/* End PBXGroup section */

/* Begin PBXNativeTarget section */
		3E8782A71BC41DE00052E5A1 /* Men's best Friends */ = {
			isa = PBXNativeTarget;
			buildConfigurationList = 3E8782CB1BC41DE00052E5A1 /* Build configuration list for PBXNativeTarget "Men's best Friends" */;
			buildPhases = (
				3E8782A41BC41DE00052E5A1 /* Sources */,
				3E8782A51BC41DE00052E5A1 /* Frameworks */,
				3E8782A61BC41DE00052E5A1 /* Resources */,
			);
			buildRules = (
			);
			dependencies = (
			);
			name = "Men's best Friends";
			productName = "Men's best Friends";
			productReference = 3E8782A81BC41DE00052E5A1 /* Men's best Friends.app */;
			productType = "com.apple.product-type.application";
		};
		3E8782C01BC41DE00052E5A1 /* Men's best FriendsTests */ = {
			isa = PBXNativeTarget;
			buildConfigurationList = 3E8782CE1BC41DE00052E5A1 /* Build configuration list for PBXNativeTarget "Men's best FriendsTests" */;
			buildPhases = (
				3E8782BD1BC41DE00052E5A1 /* Sources */,
				3E8782BE1BC41DE00052E5A1 /* Frameworks */,
				3E8782BF1BC41DE00052E5A1 /* Resources */,
			);
			buildRules = (
			);
			dependencies = (
				3E8782C31BC41DE00052E5A1 /* PBXTargetDependency */,
			);
			name = "Men's best FriendsTests";
			productName = "Men's best FriendsTests";
			productReference = 3E8782C11BC41DE00052E5A1 /* Men's best FriendsTests.xctest */;
			productType = "com.apple.product-type.bundle.unit-test";
		};
/* End PBXNativeTarget section */

/* Begin PBXProject section */
		3E8782A01BC41DE00052E5A1 /* Project object */ = {
			isa = PBXProject;
			attributes = {
				LastUpgradeCheck = 0640;
				ORGANIZATIONNAME = Lina;
				TargetAttributes = {
					3E8782A71BC41DE00052E5A1 = {
						CreatedOnToolsVersion = 6.4;
					};
					3E8782C01BC41DE00052E5A1 = {
						CreatedOnToolsVersion = 6.4;
						TestTargetID = 3E8782A71BC41DE00052E5A1;
					};
				};
			};
			buildConfigurationList = 3E8782A31BC41DE00052E5A1 /* Build configuration list for PBXProject "Men's best Friends" */;
			compatibilityVersion = "Xcode 3.2";
			developmentRegion = English;
			hasScannedForEncodings = 0;
			knownRegions = (
				en,
				Base,
			);
			mainGroup = 3E87829F1BC41DE00052E5A1;
			productRefGroup = 3E8782A91BC41DE00052E5A1 /* Products */;
			projectDirPath = "";
			projectRoot = "";
			targets = (
				3E8782A71BC41DE00052E5A1 /* Men's best Friends */,
				3E8782C01BC41DE00052E5A1 /* Men's best FriendsTests */,
			);
		};
/* End PBXProject section */

/* Begin PBXResourcesBuildPhase section */
		3E8782A61BC41DE00052E5A1 /* Resources */ = {
			isa = PBXResourcesBuildPhase;
			buildActionMask = 2147483647;
			files = (
				3E830F0A1BD81FC400B217B8 /* Bo.jpg in Resources */,
				3E830F051BD819EC00B217B8 /* dog.jpg in Resources */,
				3E8782B71BC41DE00052E5A1 /* Main.storyboard in Resources */,
				3E8782BC1BC41DE00052E5A1 /* LaunchScreen.xib in Resources */,
				3E8782B91BC41DE00052E5A1 /* Images.xcassets in Resources */,
				3E830F0B1BD81FC400B217B8 /* BorderCollie.jpg in Resources */,
				3E830F0D1BD81FC400B217B8 /* JRT.jpg in Resources */,
				3E830F0C1BD81FC400B217B8 /* ItalianGreyhound.jpg in Resources */,
			);
			runOnlyForDeploymentPostprocessing = 0;
		};
		3E8782BF1BC41DE00052E5A1 /* Resources */ = {
			isa = PBXResourcesBuildPhase;
			buildActionMask = 2147483647;
			files = (
			);
			runOnlyForDeploymentPostprocessing = 0;
		};
/* End PBXResourcesBuildPhase section */

/* Begin PBXSourcesBuildPhase section */
		3E8782A41BC41DE00052E5A1 /* Sources */ = {
			isa = PBXSourcesBuildPhase;
			buildActionMask = 2147483647;
			files = (
				3E8782D31BC420ED0052E5A1 /* MBFDog.m in Sources */,
				3E8782B41BC41DE00052E5A1 /* MBFViewController.m in Sources */,
				3E8782B11BC41DE00052E5A1 /* AppDelegate.m in Sources */,
				3E8782AE1BC41DE00052E5A1 /* main.m in Sources */,
			);
			runOnlyForDeploymentPostprocessing = 0;
		};
		3E8782BD1BC41DE00052E5A1 /* Sources */ = {
			isa = PBXSourcesBuildPhase;
			buildActionMask = 2147483647;
			files = (
				3E8782C81BC41DE00052E5A1 /* Men_s_best_FriendsTests.m in Sources */,
			);
			runOnlyForDeploymentPostprocessing = 0;
		};
/* End PBXSourcesBuildPhase section */

/* Begin PBXTargetDependency section */
		3E8782C31BC41DE00052E5A1 /* PBXTargetDependency */ = {
			isa = PBXTargetDependency;
			target = 3E8782A71BC41DE00052E5A1 /* Men's best Friends */;
			targetProxy = 3E8782C21BC41DE00052E5A1 /* PBXContainerItemProxy */;
		};
/* End PBXTargetDependency section */

/* Begin PBXVariantGroup section */
		3E8782B51BC41DE00052E5A1 /* Main.storyboard */ = {
			isa = PBXVariantGroup;
			children = (
				3E8782B61BC41DE00052E5A1 /* Base */,
			);
			name = Main.storyboard;
			sourceTree = "<group>";
		};
		3E8782BA1BC41DE00052E5A1 /* LaunchScreen.xib */ = {
			isa = PBXVariantGroup;
			children = (
				3E8782BB1BC41DE00052E5A1 /* Base */,
			);
			name = LaunchScreen.xib;
			sourceTree = "<group>";
		};
/* End PBXVariantGroup section */

/* Begin XCBuildConfiguration section */
		3E8782C91BC41DE00052E5A1 /* Debug */ = {
			isa = XCBuildConfiguration;
			buildSettings = {
				ALWAYS_SEARCH_USER_PATHS = NO;
				CLANG_CXX_LANGUAGE_STANDARD = "gnu++0x";
				CLANG_CXX_LIBRARY = "libc++";
				CLANG_ENABLE_MODULES = YES;
				CLANG_ENABLE_OBJC_ARC = YES;
				CLANG_WARN_BOOL_CONVERSION = YES;
				CLANG_WARN_CONSTANT_CONVERSION = YES;
				CLANG_WARN_DIRECT_OBJC_ISA_USAGE = YES_ERROR;
				CLANG_WARN_EMPTY_BODY = YES;
				CLANG_WARN_ENUM_CONVERSION = YES;
				CLANG_WARN_INT_CONVERSION = YES;
				CLANG_WARN_OBJC_ROOT_CLASS = YES_ERROR;
				CLANG_WARN_UNREACHABLE_CODE = YES;
				CLANG_WARN__DUPLICATE_METHOD_MATCH = YES;
				"CODE_SIGN_IDENTITY[sdk=iphoneos*]" = "iPhone Developer";
				COPY_PHASE_STRIP = NO;
				DEBUG_INFORMATION_FORMAT = "dwarf-with-dsym";
				ENABLE_STRICT_OBJC_MSGSEND = YES;
				GCC_C_LANGUAGE_STANDARD = gnu99;
				GCC_DYNAMIC_NO_PIC = NO;
				GCC_NO_COMMON_BLOCKS = YES;
				GCC_OPTIMIZATION_LEVEL = 0;
				GCC_PREPROCESSOR_DEFINITIONS = (
					"DEBUG=1",
					"$(inherited)",
				);
				GCC_SYMBOLS_PRIVATE_EXTERN = NO;
				GCC_WARN_64_TO_32_BIT_CONVERSION = YES;
				GCC_WARN_ABOUT_RETURN_TYPE = YES_ERROR;
				GCC_WARN_UNDECLARED_SELECTOR = YES;
				GCC_WARN_UNINITIALIZED_AUTOS = YES_AGGRESSIVE;
				GCC_WARN_UNUSED_FUNCTION = YES;
				GCC_WARN_UNUSED_VARIABLE = YES;
				IPHONEOS_DEPLOYMENT_TARGET = 8.4;
				MTL_ENABLE_DEBUG_INFO = YES;
				ONLY_ACTIVE_ARCH = YES;
				SDKROOT = iphoneos;
			};
			name = Debug;
		};
		3E8782CA1BC41DE00052E5A1 /* Release */ = {
			isa = XCBuildConfiguration;
			buildSettings = {
				ALWAYS_SEARCH_USER_PATHS = NO;
				CLANG_CXX_LANGUAGE_STANDARD = "gnu++0x";
				CLANG_CXX_LIBRARY = "libc++";
				CLANG_ENABLE_MODULES = YES;
				CLANG_ENABLE_OBJC_ARC = YES;
				CLANG_WARN_BOOL_CONVERSION = YES;
				CLANG_WARN_CONSTANT_CONVERSION = YES;
				CLANG_WARN_DIRECT_OBJC_ISA_USAGE = YES_ERROR;
				CLANG_WARN_EMPTY_BODY = YES;
				CLANG_WARN_ENUM_CONVERSION = YES;
				CLANG_WARN_INT_CONVERSION = YES;
				CLANG_WARN_OBJC_ROOT_CLASS = YES_ERROR;
				CLANG_WARN_UNREACHABLE_CODE = YES;
				CLANG_WARN__DUPLICATE_METHOD_MATCH = YES;
				"CODE_SIGN_IDENTITY[sdk=iphoneos*]" = "iPhone Developer";
				COPY_PHASE_STRIP = NO;
				DEBUG_INFORMATION_FORMAT = "dwarf-with-dsym";
				ENABLE_NS_ASSERTIONS = NO;
				ENABLE_STRICT_OBJC_MSGSEND = YES;
				GCC_C_LANGUAGE_STANDARD = gnu99;
				GCC_NO_COMMON_BLOCKS = YES;
				GCC_WARN_64_TO_32_BIT_CONVERSION = YES;
				GCC_WARN_ABOUT_RETURN_TYPE = YES_ERROR;
				GCC_WARN_UNDECLARED_SELECTOR = YES;
				GCC_WARN_UNINITIALIZED_AUTOS = YES_AGGRESSIVE;
				GCC_WARN_UNUSED_FUNCTION = YES;
				GCC_WARN_UNUSED_VARIABLE = YES;
				IPHONEOS_DEPLOYMENT_TARGET = 8.4;
				MTL_ENABLE_DEBUG_INFO = NO;
				SDKROOT = iphoneos;
				VALIDATE_PRODUCT = YES;
			};
			name = Release;
		};
		3E8782CC1BC41DE00052E5A1 /* Debug */ = {
			isa = XCBuildConfiguration;
			buildSettings = {
				ASSETCATALOG_COMPILER_APPICON_NAME = AppIcon;
				INFOPLIST_FILE = "Men's best Friends/Info.plist";
				LD_RUNPATH_SEARCH_PATHS = "$(inherited) @executable_path/Frameworks";
				PRODUCT_NAME = "$(TARGET_NAME)";
			};
			name = Debug;
		};
		3E8782CD1BC41DE00052E5A1 /* Release */ = {
			isa = XCBuildConfiguration;
			buildSettings = {
				ASSETCATALOG_COMPILER_APPICON_NAME = AppIcon;
				INFOPLIST_FILE = "Men's best Friends/Info.plist";
				LD_RUNPATH_SEARCH_PATHS = "$(inherited) @executable_path/Frameworks";
				PRODUCT_NAME = "$(TARGET_NAME)";
			};
			name = Release;
		};
		3E8782CF1BC41DE00052E5A1 /* Debug */ = {
			isa = XCBuildConfiguration;
			buildSettings = {
				BUNDLE_LOADER = "$(TEST_HOST)";
				FRAMEWORK_SEARCH_PATHS = (
					"$(SDKROOT)/Developer/Library/Frameworks",
					"$(inherited)",
				);
				GCC_PREPROCESSOR_DEFINITIONS = (
					"DEBUG=1",
					"$(inherited)",
				);
				INFOPLIST_FILE = "Men's best FriendsTests/Info.plist";
				LD_RUNPATH_SEARCH_PATHS = "$(inherited) @executable_path/Frameworks @loader_path/Frameworks";
				PRODUCT_NAME = "$(TARGET_NAME)";
				TEST_HOST = "$(BUILT_PRODUCTS_DIR)/Men's best Friends.app/Men's best Friends";
			};
			name = Debug;
		};
		3E8782D01BC41DE00052E5A1 /* Release */ = {
			isa = XCBuildConfiguration;
			buildSettings = {
				BUNDLE_LOADER = "$(TEST_HOST)";
				FRAMEWORK_SEARCH_PATHS = (
					"$(SDKROOT)/Developer/Library/Frameworks",
					"$(inherited)",
				);
				INFOPLIST_FILE = "Men's best FriendsTests/Info.plist";
				LD_RUNPATH_SEARCH_PATHS = "$(inherited) @executable_path/Frameworks @loader_path/Frameworks";
				PRODUCT_NAME = "$(TARGET_NAME)";
				TEST_HOST = "$(BUILT_PRODUCTS_DIR)/Men's best Friends.app/Men's best Friends";
			};
			name = Release;
		};
/* End XCBuildConfiguration section */

/* Begin XCConfigurationList section */
		3E8782A31BC41DE00052E5A1 /* Build configuration list for PBXProject "Men's best Friends" */ = {
			isa = XCConfigurationList;
			buildConfigurations = (
				3E8782C91BC41DE00052E5A1 /* Debug */,
				3E8782CA1BC41DE00052E5A1 /* Release */,
			);
			defaultConfigurationIsVisible = 0;
			defaultConfigurationName = Release;
		};
		3E8782CB1BC41DE00052E5A1 /* Build configuration list for PBXNativeTarget "Men's best Friends" */ = {
			isa = XCConfigurationList;
			buildConfigurations = (
				3E8782CC1BC41DE00052E5A1 /* Debug */,
				3E8782CD1BC41DE00052E5A1 /* Release */,
			);
			defaultConfigurationIsVisible = 0;
			defaultConfigurationName = Release;
		};
		3E8782CE1BC41DE00052E5A1 /* Build configuration list for PBXNativeTarget "Men's best FriendsTests" */ = {
			isa = XCConfigurationList;
			buildConfigurations = (
				3E8782CF1BC41DE00052E5A1 /* Debug */,
				3E8782D01BC41DE00052E5A1 /* Release */,
			);
			defaultConfigurationIsVisible = 0;
			defaultConfigurationName = Release;
		};
/* End XCConfigurationList section */
	};
	rootObject = 3E8782A01BC41DE00052E5A1 /* Project object */;
}
